
Microsoft Visual Studio Solution File, Format Version 12.00
# Visual Studio 15
VisualStudioVersion = 15.0.26403.7
MinimumVisualStudioVersion = 10.0.40219.1
Project("{FAE04EC0-301F-11D3-BF4B-00C04F79EFBC}") = "HomeWinForms(Make 8Work)", "HomeWinForms(Make 8Work)\HomeWinForms(Make 8Work).csproj", "{F38C0115-E968-4A76-867C-276C3C480A36}"
EndProject
Global
	GlobalSection(SolutionConfigurationPlatforms) = preSolution
		Debug|Any CPU = Debug|Any CPU
		Release|Any CPU = Release|Any CPU
	EndGlobalSection
	GlobalSection(ProjectConfigurationPlatforms) = postSolution
		{F38C0115-E968-4A76-867C-276C3C480A36}.Debug|Any CPU.ActiveCfg = Debug|Any CPU
		{F38C0115-E968-4A76-867C-276C3C480A36}.Debug|Any CPU.Build.0 = Debug|Any CPU
		{F38C0115-E968-4A76-867C-276C3C480A36}.Release|Any CPU.ActiveCfg = Release|Any CPU
		{F38C0115-E968-4A76-867C-276C3C480A36}.Release|Any CPU.Build.0 = Release|Any CPU
	EndGlobalSection
	GlobalSection(SolutionProperties) = preSolution
		HideSolutionNode = FALSE
	EndGlobalSection
EndGlobal
